// !$*UTF8*$!
{
	archiveVersion = 1;
	classes = {
	};
	objectVersion = 46;
	objects = {

/* Begin PBXBuildFile section */
		F40F642E1B4CC97E000BFED0 /* Arkhip_font_1.otf in Resources */ = {isa = PBXBuildFile; fileRef = F40F642B1B4CC97E000BFED0 /* Arkhip_font_1.otf */; };
		F40F642F1B4CC97E000BFED0 /* Arkhip_font_2.otf in Resources */ = {isa = PBXBuildFile; fileRef = F40F642C1B4CC97E000BFED0 /* Arkhip_font_2.otf */; };
		F40F64301B4CC97E000BFED0 /* Arkhip_font.otf in Resources */ = {isa = PBXBuildFile; fileRef = F40F642D1B4CC97E000BFED0 /* Arkhip_font.otf */; };
		F40F64361B4CD460000BFED0 /* Anke.otf in Resources */ = {isa = PBXBuildFile; fileRef = F40F64341B4CD460000BFED0 /* Anke.otf */; };
		F40F64371B4CD460000BFED0 /* Anke.ttf in Resources */ = {isa = PBXBuildFile; fileRef = F40F64351B4CD460000BFED0 /* Anke.ttf */; };
		F40F64391B4D981E000BFED0 /* Experience.swift in Sources */ = {isa = PBXBuildFile; fileRef = F40F64381B4D981E000BFED0 /* Experience.swift */; };
		F4466C711B4475F700CB21F5 /* AppDelegate.swift in Sources */ = {isa = PBXBuildFile; fileRef = F4466C701B4475F700CB21F5 /* AppDelegate.swift */; };
		F4466C761B4475F700CB21F5 /* Main.storyboard in Resources */ = {isa = PBXBuildFile; fileRef = F4466C741B4475F700CB21F5 /* Main.storyboard */; };
		F4466C781B4475F700CB21F5 /* Images.xcassets in Resources */ = {isa = PBXBuildFile; fileRef = F4466C771B4475F700CB21F5 /* Images.xcassets */; };
		F4466C7B1B4475F700CB21F5 /* LaunchScreen.xib in Resources */ = {isa = PBXBuildFile; fileRef = F4466C791B4475F700CB21F5 /* LaunchScreen.xib */; };
		F4466C871B4475F700CB21F5 /* Teddy_s_ResumeTests.swift in Sources */ = {isa = PBXBuildFile; fileRef = F4466C861B4475F700CB21F5 /* Teddy_s_ResumeTests.swift */; };
		F4466C911B45BCAA00CB21F5 /* AboutMeVC.swift in Sources */ = {isa = PBXBuildFile; fileRef = F4466C901B45BCAA00CB21F5 /* AboutMeVC.swift */; };
		F4466C931B45BEFA00CB21F5 /* ExperienceVC.swift in Sources */ = {isa = PBXBuildFile; fileRef = F4466C921B45BEFA00CB21F5 /* ExperienceVC.swift */; };
		F4466C951B45BF1000CB21F5 /* SkillsVC.swift in Sources */ = {isa = PBXBuildFile; fileRef = F4466C941B45BF1000CB21F5 /* SkillsVC.swift */; };
		F4466C971B45BF2100CB21F5 /* EducationVC.swift in Sources */ = {isa = PBXBuildFile; fileRef = F4466C961B45BF2100CB21F5 /* EducationVC.swift */; };
		F4466C991B45C76600CB21F5 /* TabBarController.swift in Sources */ = {isa = PBXBuildFile; fileRef = F4466C981B45C76600CB21F5 /* TabBarController.swift */; };
		F4466C9B1B466D8600CB21F5 /* Teddy.swift in Sources */ = {isa = PBXBuildFile; fileRef = F4466C9A1B466D8600CB21F5 /* Teddy.swift */; };
		F4466C9D1B466E6F00CB21F5 /* Education.swift in Sources */ = {isa = PBXBuildFile; fileRef = F4466C9C1B466E6F00CB21F5 /* Education.swift */; };
		F4466C9F1B466E9800CB21F5 /* Constants.swift in Sources */ = {isa = PBXBuildFile; fileRef = F4466C9E1B466E9800CB21F5 /* Constants.swift */; };
		F4466CA11B474BCB00CB21F5 /* Skill.swift in Sources */ = {isa = PBXBuildFile; fileRef = F4466CA01B474BCB00CB21F5 /* Skill.swift */; };
		F457342C1B6090FC00FC3D6E /* Experience.plist in Resources */ = {isa = PBXBuildFile; fileRef = F457342B1B6090FC00FC3D6E /* Experience.plist */; };
		F457342E1B60991B00FC3D6E /* ExperienceCell.swift in Sources */ = {isa = PBXBuildFile; fileRef = F457342D1B60991B00FC3D6E /* ExperienceCell.swift */; };
		F45734351B60BE3B00FC3D6E /* ExperienceSectionHeaderView.xib in Resources */ = {isa = PBXBuildFile; fileRef = F45734341B60BE3B00FC3D6E /* ExperienceSectionHeaderView.xib */; };
		F45734371B60C0AE00FC3D6E /* ExperienceSectionHeaderView.swift in Sources */ = {isa = PBXBuildFile; fileRef = F45734361B60C0AE00FC3D6E /* ExperienceSectionHeaderView.swift */; };
		F457343D1B61577500FC3D6E /* PropertyListImporter.swift in Sources */ = {isa = PBXBuildFile; fileRef = F457343C1B61577500FC3D6E /* PropertyListImporter.swift */; };
		F457343E1B615B1C00FC3D6E /* Calibril.ttf in Resources */ = {isa = PBXBuildFile; fileRef = F45734331B60994400FC3D6E /* Calibril.ttf */; };
		F457343F1B615B2100FC3D6E /* Calibri.ttf in Resources */ = {isa = PBXBuildFile; fileRef = F45734321B60994400FC3D6E /* Calibri.ttf */; };
		F45734401B615B2300FC3D6E /* Calibri_Italic.ttf in Resources */ = {isa = PBXBuildFile; fileRef = F45734311B60994400FC3D6E /* Calibri_Italic.ttf */; };
		F45734411B615B2600FC3D6E /* Calibri_Bold.ttf in Resources */ = {isa = PBXBuildFile; fileRef = F45734301B60994400FC3D6E /* Calibri_Bold.ttf */; };
		F45734421B615B2800FC3D6E /* Calibri_Bold_Italic.ttf in Resources */ = {isa = PBXBuildFile; fileRef = F457342F1B60994400FC3D6E /* Calibri_Bold_Italic.ttf */; };
/* End PBXBuildFile section */

/* Begin PBXContainerItemProxy section */
		F4466C811B4475F700CB21F5 /* PBXContainerItemProxy */ = {
			isa = PBXContainerItemProxy;
			containerPortal = F4466C631B4475F700CB21F5 /* Project object */;
			proxyType = 1;
			remoteGlobalIDString = F4466C6A1B4475F700CB21F5;
			remoteInfo = "Teddy's_Resume";
		};
/* End PBXContainerItemProxy section */

/* Begin PBXFileReference section */
		F40F642B1B4CC97E000BFED0 /* Arkhip_font_1.otf */ = {isa = PBXFileReference; lastKnownFileType = file; name = Arkhip_font_1.otf; path = ../Arkhip_font_1.otf; sourceTree = "<group>"; };
		F40F642C1B4CC97E000BFED0 /* Arkhip_font_2.otf */ = {isa = PBXFileReference; lastKnownFileType = file; name = Arkhip_font_2.otf; path = ../Arkhip_font_2.otf; sourceTree = "<group>"; };
		F40F642D1B4CC97E000BFED0 /* Arkhip_font.otf */ = {isa = PBXFileReference; lastKnownFileType = file; name = Arkhip_font.otf; path = ../Arkhip_font.otf; sourceTree = "<group>"; };
		F40F64341B4CD460000BFED0 /* Anke.otf */ = {isa = PBXFileReference; lastKnownFileType = file; path = Anke.otf; sourceTree = "<group>"; };
		F40F64351B4CD460000BFED0 /* Anke.ttf */ = {isa = PBXFileReference; lastKnownFileType = file; path = Anke.ttf; sourceTree = "<group>"; };
		F40F64381B4D981E000BFED0 /* Experience.swift */ = {isa = PBXFileReference; fileEncoding = 4; lastKnownFileType = sourcecode.swift; path = Experience.swift; sourceTree = "<group>"; };
		F4466C6B1B4475F700CB21F5 /* Teddy's_Resume.app */ = {isa = PBXFileReference; explicitFileType = wrapper.application; includeInIndex = 0; path = "Teddy's_Resume.app"; sourceTree = BUILT_PRODUCTS_DIR; };
		F4466C6F1B4475F700CB21F5 /* Info.plist */ = {isa = PBXFileReference; lastKnownFileType = text.plist.xml; path = Info.plist; sourceTree = "<group>"; };
		F4466C701B4475F700CB21F5 /* AppDelegate.swift */ = {isa = PBXFileReference; lastKnownFileType = sourcecode.swift; path = AppDelegate.swift; sourceTree = "<group>"; };
		F4466C751B4475F700CB21F5 /* Base */ = {isa = PBXFileReference; lastKnownFileType = file.storyboard; name = Base; path = Base.lproj/Main.storyboard; sourceTree = "<group>"; };
		F4466C771B4475F700CB21F5 /* Images.xcassets */ = {isa = PBXFileReference; lastKnownFileType = folder.assetcatalog; path = Images.xcassets; sourceTree = "<group>"; };
		F4466C7A1B4475F700CB21F5 /* Base */ = {isa = PBXFileReference; lastKnownFileType = file.xib; name = Base; path = Base.lproj/LaunchScreen.xib; sourceTree = "<group>"; };
		F4466C801B4475F700CB21F5 /* Teddy's_ResumeTests.xctest */ = {isa = PBXFileReference; explicitFileType = wrapper.cfbundle; includeInIndex = 0; path = "Teddy's_ResumeTests.xctest"; sourceTree = BUILT_PRODUCTS_DIR; };
		F4466C851B4475F700CB21F5 /* Info.plist */ = {isa = PBXFileReference; lastKnownFileType = text.plist.xml; path = Info.plist; sourceTree = "<group>"; };
		F4466C861B4475F700CB21F5 /* Teddy_s_ResumeTests.swift */ = {isa = PBXFileReference; lastKnownFileType = sourcecode.swift; path = Teddy_s_ResumeTests.swift; sourceTree = "<group>"; };
		F4466C901B45BCAA00CB21F5 /* AboutMeVC.swift */ = {isa = PBXFileReference; fileEncoding = 4; lastKnownFileType = sourcecode.swift; path = AboutMeVC.swift; sourceTree = "<group>"; };
		F4466C921B45BEFA00CB21F5 /* ExperienceVC.swift */ = {isa = PBXFileReference; fileEncoding = 4; lastKnownFileType = sourcecode.swift; path = ExperienceVC.swift; sourceTree = "<group>"; };
		F4466C941B45BF1000CB21F5 /* SkillsVC.swift */ = {isa = PBXFileReference; fileEncoding = 4; lastKnownFileType = sourcecode.swift; path = SkillsVC.swift; sourceTree = "<group>"; };
		F4466C961B45BF2100CB21F5 /* EducationVC.swift */ = {isa = PBXFileReference; fileEncoding = 4; lastKnownFileType = sourcecode.swift; path = EducationVC.swift; sourceTree = "<group>"; };
		F4466C981B45C76600CB21F5 /* TabBarController.swift */ = {isa = PBXFileReference; fileEncoding = 4; lastKnownFileType = sourcecode.swift; path = TabBarController.swift; sourceTree = "<group>"; };
		F4466C9A1B466D8600CB21F5 /* Teddy.swift */ = {isa = PBXFileReference; fileEncoding = 4; lastKnownFileType = sourcecode.swift; path = Teddy.swift; sourceTree = "<group>"; };
		F4466C9C1B466E6F00CB21F5 /* Education.swift */ = {isa = PBXFileReference; fileEncoding = 4; lastKnownFileType = sourcecode.swift; path = Education.swift; sourceTree = "<group>"; };
		F4466C9E1B466E9800CB21F5 /* Constants.swift */ = {isa = PBXFileReference; fileEncoding = 4; lastKnownFileType = sourcecode.swift; path = Constants.swift; sourceTree = "<group>"; };
		F4466CA01B474BCB00CB21F5 /* Skill.swift */ = {isa = PBXFileReference; fileEncoding = 4; lastKnownFileType = sourcecode.swift; path = Skill.swift; sourceTree = "<group>"; };
		F457342B1B6090FC00FC3D6E /* Experience.plist */ = {isa = PBXFileReference; fileEncoding = 4; lastKnownFileType = text.plist.xml; path = Experience.plist; sourceTree = "<group>"; };
		F457342D1B60991B00FC3D6E /* ExperienceCell.swift */ = {isa = PBXFileReference; fileEncoding = 4; lastKnownFileType = sourcecode.swift; path = ExperienceCell.swift; sourceTree = "<group>"; };
		F457342F1B60994400FC3D6E /* Calibri_Bold_Italic.ttf */ = {isa = PBXFileReference; lastKnownFileType = file; path = Calibri_Bold_Italic.ttf; sourceTree = "<group>"; };
		F45734301B60994400FC3D6E /* Calibri_Bold.ttf */ = {isa = PBXFileReference; lastKnownFileType = file; path = Calibri_Bold.ttf; sourceTree = "<group>"; };
		F45734311B60994400FC3D6E /* Calibri_Italic.ttf */ = {isa = PBXFileReference; lastKnownFileType = file; path = Calibri_Italic.ttf; sourceTree = "<group>"; };
		F45734321B60994400FC3D6E /* Calibri.ttf */ = {isa = PBXFileReference; lastKnownFileType = file; path = Calibri.ttf; sourceTree = "<group>"; };
		F45734331B60994400FC3D6E /* Calibril.ttf */ = {isa = PBXFileReference; lastKnownFileType = file; path = Calibril.ttf; sourceTree = "<group>"; };
		F45734341B60BE3B00FC3D6E /* ExperienceSectionHeaderView.xib */ = {isa = PBXFileReference; fileEncoding = 4; lastKnownFileType = file.xib; path = ExperienceSectionHeaderView.xib; sourceTree = "<group>"; };
		F45734361B60C0AE00FC3D6E /* ExperienceSectionHeaderView.swift */ = {isa = PBXFileReference; fileEncoding = 4; lastKnownFileType = sourcecode.swift; path = ExperienceSectionHeaderView.swift; sourceTree = "<group>"; };
		F457343C1B61577500FC3D6E /* PropertyListImporter.swift */ = {isa = PBXFileReference; fileEncoding = 4; lastKnownFileType = sourcecode.swift; path = PropertyListImporter.swift; sourceTree = "<group>"; };
/* End PBXFileReference section */

/* Begin PBXFrameworksBuildPhase section */
		F4466C681B4475F700CB21F5 /* Frameworks */ = {
			isa = PBXFrameworksBuildPhase;
			buildActionMask = 2147483647;
			files = (
			);
			runOnlyForDeploymentPostprocessing = 0;
		};
		F4466C7D1B4475F700CB21F5 /* Frameworks */ = {
			isa = PBXFrameworksBuildPhase;
			buildActionMask = 2147483647;
			files = (
			);
			runOnlyForDeploymentPostprocessing = 0;
		};
/* End PBXFrameworksBuildPhase section */

/* Begin PBXGroup section */
		F40F64331B4CD444000BFED0 /* Fonts */ = {
			isa = PBXGroup;
			children = (
				F457342F1B60994400FC3D6E /* Calibri_Bold_Italic.ttf */,
				F45734301B60994400FC3D6E /* Calibri_Bold.ttf */,
				F45734311B60994400FC3D6E /* Calibri_Italic.ttf */,
				F45734321B60994400FC3D6E /* Calibri.ttf */,
				F45734331B60994400FC3D6E /* Calibril.ttf */,
				F40F64341B4CD460000BFED0 /* Anke.otf */,
				F40F64351B4CD460000BFED0 /* Anke.ttf */,
				F40F642B1B4CC97E000BFED0 /* Arkhip_font_1.otf */,
				F40F642C1B4CC97E000BFED0 /* Arkhip_font_2.otf */,
				F40F642D1B4CC97E000BFED0 /* Arkhip_font.otf */,
			);
			name = Fonts;
			sourceTree = "<group>";
		};
		F4466C621B4475F700CB21F5 = {
			isa = PBXGroup;
			children = (
				F4466C6D1B4475F700CB21F5 /* Teddy's_Resume */,
				F4466C831B4475F700CB21F5 /* Teddy's_ResumeTests */,
				F4466C6C1B4475F700CB21F5 /* Products */,
			);
			sourceTree = "<group>";
		};
		F4466C6C1B4475F700CB21F5 /* Products */ = {
			isa = PBXGroup;
			children = (
				F4466C6B1B4475F700CB21F5 /* Teddy's_Resume.app */,
				F4466C801B4475F700CB21F5 /* Teddy's_ResumeTests.xctest */,
			);
			name = Products;
			sourceTree = "<group>";
		};
		F4466C6D1B4475F700CB21F5 /* Teddy's_Resume */ = {
			isa = PBXGroup;
			children = (
				F4466C701B4475F700CB21F5 /* AppDelegate.swift */,
				F4466C741B4475F700CB21F5 /* Main.storyboard */,
				F4466C981B45C76600CB21F5 /* TabBarController.swift */,
				F4466C9E1B466E9800CB21F5 /* Constants.swift */,
				F457343C1B61577500FC3D6E /* PropertyListImporter.swift */,
				F457343B1B60CFCC00FC3D6E /* Experience */,
				F457343A1B60CFCA00FC3D6E /* About Me */,
				F45734391B60CFC700FC3D6E /* Education */,
				F45734381B60CFC500FC3D6E /* Skills */,
				F4466C771B4475F700CB21F5 /* Images.xcassets */,
				F4466C791B4475F700CB21F5 /* LaunchScreen.xib */,
				F40F64331B4CD444000BFED0 /* Fonts */,
				F4466C6E1B4475F700CB21F5 /* Supporting Files */,
			);
			path = "Teddy's_Resume";
			sourceTree = "<group>";
		};
		F4466C6E1B4475F700CB21F5 /* Supporting Files */ = {
			isa = PBXGroup;
			children = (
				F4466C6F1B4475F700CB21F5 /* Info.plist */,
				F457342B1B6090FC00FC3D6E /* Experience.plist */,
			);
			name = "Supporting Files";
			sourceTree = "<group>";
		};
		F4466C831B4475F700CB21F5 /* Teddy's_ResumeTests */ = {
			isa = PBXGroup;
			children = (
				F4466C861B4475F700CB21F5 /* Teddy_s_ResumeTests.swift */,
				F4466C841B4475F700CB21F5 /* Supporting Files */,
			);
			path = "Teddy's_ResumeTests";
			sourceTree = "<group>";
		};
		F4466C841B4475F700CB21F5 /* Supporting Files */ = {
			isa = PBXGroup;
			children = (
				F4466C851B4475F700CB21F5 /* Info.plist */,
			);
			name = "Supporting Files";
			sourceTree = "<group>";
		};
		F45734381B60CFC500FC3D6E /* Skills */ = {
			isa = PBXGroup;
			children = (
				F4466CA01B474BCB00CB21F5 /* Skill.swift */,
				F4466C941B45BF1000CB21F5 /* SkillsVC.swift */,
			);
			name = Skills;
			sourceTree = "<group>";
		};
		F45734391B60CFC700FC3D6E /* Education */ = {
			isa = PBXGroup;
			children = (
				F4466C9C1B466E6F00CB21F5 /* Education.swift */,
				F4466C961B45BF2100CB21F5 /* EducationVC.swift */,
			);
			name = Education;
			sourceTree = "<group>";
		};
		F457343A1B60CFCA00FC3D6E /* About Me */ = {
			isa = PBXGroup;
			children = (
				F4466C9A1B466D8600CB21F5 /* Teddy.swift */,
				F4466C901B45BCAA00CB21F5 /* AboutMeVC.swift */,
			);
			name = "About Me";
			sourceTree = "<group>";
		};
		F457343B1B60CFCC00FC3D6E /* Experience */ = {
			isa = PBXGroup;
			children = (
				F4466C921B45BEFA00CB21F5 /* ExperienceVC.swift */,
				F457342D1B60991B00FC3D6E /* ExperienceCell.swift */,
				F45734361B60C0AE00FC3D6E /* ExperienceSectionHeaderView.swift */,
				F45734341B60BE3B00FC3D6E /* ExperienceSectionHeaderView.xib */,
				F40F64381B4D981E000BFED0 /* Experience.swift */,
			);
			name = Experience;
			sourceTree = "<group>";
		};
/* End PBXGroup section */

/* Begin PBXNativeTarget section */
		F4466C6A1B4475F700CB21F5 /* Teddy's_Resume */ = {
			isa = PBXNativeTarget;
			buildConfigurationList = F4466C8A1B4475F700CB21F5 /* Build configuration list for PBXNativeTarget "Teddy's_Resume" */;
			buildPhases = (
				F4466C671B4475F700CB21F5 /* Sources */,
				F4466C681B4475F700CB21F5 /* Frameworks */,
				F4466C691B4475F700CB21F5 /* Resources */,
			);
			buildRules = (
			);
			dependencies = (
			);
			name = "Teddy's_Resume";
			productName = "Teddy's_Resume";
			productReference = F4466C6B1B4475F700CB21F5 /* Teddy's_Resume.app */;
			productType = "com.apple.product-type.application";
		};
		F4466C7F1B4475F700CB21F5 /* Teddy's_ResumeTests */ = {
			isa = PBXNativeTarget;
			buildConfigurationList = F4466C8D1B4475F700CB21F5 /* Build configuration list for PBXNativeTarget "Teddy's_ResumeTests" */;
			buildPhases = (
				F4466C7C1B4475F700CB21F5 /* Sources */,
				F4466C7D1B4475F700CB21F5 /* Frameworks */,
				F4466C7E1B4475F700CB21F5 /* Resources */,
			);
			buildRules = (
			);
			dependencies = (
				F4466C821B4475F700CB21F5 /* PBXTargetDependency */,
			);
			name = "Teddy's_ResumeTests";
			productName = "Teddy's_ResumeTests";
			productReference = F4466C801B4475F700CB21F5 /* Teddy's_ResumeTests.xctest */;
			productType = "com.apple.product-type.bundle.unit-test";
		};
/* End PBXNativeTarget section */

/* Begin PBXProject section */
		F4466C631B4475F700CB21F5 /* Project object */ = {
			isa = PBXProject;
			attributes = {
				LastUpgradeCheck = 0640;
				ORGANIZATIONNAME = "Teddy Ditchek";
				TargetAttributes = {
					F4466C6A1B4475F700CB21F5 = {
						CreatedOnToolsVersion = 6.4;
					};
					F4466C7F1B4475F700CB21F5 = {
						CreatedOnToolsVersion = 6.4;
						TestTargetID = F4466C6A1B4475F700CB21F5;
					};
				};
			};
			buildConfigurationList = F4466C661B4475F700CB21F5 /* Build configuration list for PBXProject "Teddy's_Resume" */;
			compatibilityVersion = "Xcode 3.2";
			developmentRegion = English;
			hasScannedForEncodings = 0;
			knownRegions = (
				en,
				Base,
			);
			mainGroup = F4466C621B4475F700CB21F5;
			productRefGroup = F4466C6C1B4475F700CB21F5 /* Products */;
			projectDirPath = "";
			projectRoot = "";
			targets = (
				F4466C6A1B4475F700CB21F5 /* Teddy's_Resume */,
				F4466C7F1B4475F700CB21F5 /* Teddy's_ResumeTests */,
			);
		};
/* End PBXProject section */

/* Begin PBXResourcesBuildPhase section */
		F4466C691B4475F700CB21F5 /* Resources */ = {
			isa = PBXResourcesBuildPhase;
			buildActionMask = 2147483647;
			files = (
				F40F642F1B4CC97E000BFED0 /* Arkhip_font_2.otf in Resources */,
				F45734401B615B2300FC3D6E /* Calibri_Italic.ttf in Resources */,
				F457343F1B615B2100FC3D6E /* Calibri.ttf in Resources */,
				F4466C761B4475F700CB21F5 /* Main.storyboard in Resources */,
				F40F642E1B4CC97E000BFED0 /* Arkhip_font_1.otf in Resources */,
				F40F64371B4CD460000BFED0 /* Anke.ttf in Resources */,
				F45734411B615B2600FC3D6E /* Calibri_Bold.ttf in Resources */,
				F45734421B615B2800FC3D6E /* Calibri_Bold_Italic.ttf in Resources */,
				F457343E1B615B1C00FC3D6E /* Calibril.ttf in Resources */,
				F40F64301B4CC97E000BFED0 /* Arkhip_font.otf in Resources */,
				F45734351B60BE3B00FC3D6E /* ExperienceSectionHeaderView.xib in Resources */,
				F4466C7B1B4475F700CB21F5 /* LaunchScreen.xib in Resources */,
				F40F64361B4CD460000BFED0 /* Anke.otf in Resources */,
				F4466C781B4475F700CB21F5 /* Images.xcassets in Resources */,
				F457342C1B6090FC00FC3D6E /* Experience.plist in Resources */,
			);
			runOnlyForDeploymentPostprocessing = 0;
		};
		F4466C7E1B4475F700CB21F5 /* Resources */ = {
			isa = PBXResourcesBuildPhase;
			buildActionMask = 2147483647;
			files = (
			);
			runOnlyForDeploymentPostprocessing = 0;
		};
/* End PBXResourcesBuildPhase section */

/* Begin PBXSourcesBuildPhase section */
		F4466C671B4475F700CB21F5 /* Sources */ = {
			isa = PBXSourcesBuildPhase;
			buildActionMask = 2147483647;
			files = (
				F4466C951B45BF1000CB21F5 /* SkillsVC.swift in Sources */,
				F45734371B60C0AE00FC3D6E /* ExperienceSectionHeaderView.swift in Sources */,
				F4466C9B1B466D8600CB21F5 /* Teddy.swift in Sources */,
				F40F64391B4D981E000BFED0 /* Experience.swift in Sources */,
				F457343D1B61577500FC3D6E /* PropertyListImporter.swift in Sources */,
				F4466C911B45BCAA00CB21F5 /* AboutMeVC.swift in Sources */,
				F4466C931B45BEFA00CB21F5 /* ExperienceVC.swift in Sources */,
				F4466C991B45C76600CB21F5 /* TabBarController.swift in Sources */,
				F4466C711B4475F700CB21F5 /* AppDelegate.swift in Sources */,
				F4466C9D1B466E6F00CB21F5 /* Education.swift in Sources */,
				F457342E1B60991B00FC3D6E /* ExperienceCell.swift in Sources */,
				F4466CA11B474BCB00CB21F5 /* Skill.swift in Sources */,
				F4466C971B45BF2100CB21F5 /* EducationVC.swift in Sources */,
				F4466C9F1B466E9800CB21F5 /* Constants.swift in Sources */,
			);
			runOnlyForDeploymentPostprocessing = 0;
		};
		F4466C7C1B4475F700CB21F5 /* Sources */ = {
			isa = PBXSourcesBuildPhase;
			buildActionMask = 2147483647;
			files = (
				F4466C871B4475F700CB21F5 /* Teddy_s_ResumeTests.swift in Sources */,
			);
			runOnlyForDeploymentPostprocessing = 0;
		};
/* End PBXSourcesBuildPhase section */

/* Begin PBXTargetDependency section */
		F4466C821B4475F700CB21F5 /* PBXTargetDependency */ = {
			isa = PBXTargetDependency;
			target = F4466C6A1B4475F700CB21F5 /* Teddy's_Resume */;
			targetProxy = F4466C811B4475F700CB21F5 /* PBXContainerItemProxy */;
		};
/* End PBXTargetDependency section */

/* Begin PBXVariantGroup section */
		F4466C741B4475F700CB21F5 /* Main.storyboard */ = {
			isa = PBXVariantGroup;
			children = (
				F4466C751B4475F700CB21F5 /* Base */,
			);
			name = Main.storyboard;
			sourceTree = "<group>";
		};
		F4466C791B4475F700CB21F5 /* LaunchScreen.xib */ = {
			isa = PBXVariantGroup;
			children = (
				F4466C7A1B4475F700CB21F5 /* Base */,
			);
			name = LaunchScreen.xib;
			sourceTree = "<group>";
		};
/* End PBXVariantGroup section */

/* Begin XCBuildConfiguration section */
		F4466C881B4475F700CB21F5 /* Debug */ = {
			isa = XCBuildConfiguration;
			buildSettings = {
				ALWAYS_SEARCH_USER_PATHS = NO;
				CLANG_CXX_LANGUAGE_STANDARD = "gnu++0x";
				CLANG_CXX_LIBRARY = "libc++";
				CLANG_ENABLE_MODULES = YES;
				CLANG_ENABLE_OBJC_ARC = YES;
				CLANG_WARN_BOOL_CONVERSION = YES;
				CLANG_WARN_CONSTANT_CONVERSION = YES;
				CLANG_WARN_DIRECT_OBJC_ISA_USAGE = YES_ERROR;
				CLANG_WARN_EMPTY_BODY = YES;
				CLANG_WARN_ENUM_CONVERSION = YES;
				CLANG_WARN_INT_CONVERSION = YES;
				CLANG_WARN_OBJC_ROOT_CLASS = YES_ERROR;
				CLANG_WARN_UNREACHABLE_CODE = YES;
				CLANG_WARN__DUPLICATE_METHOD_MATCH = YES;
				"CODE_SIGN_IDENTITY[sdk=iphoneos*]" = "iPhone Developer";
				COPY_PHASE_STRIP = NO;
				DEBUG_INFORMATION_FORMAT = "dwarf-with-dsym";
				ENABLE_STRICT_OBJC_MSGSEND = YES;
				GCC_C_LANGUAGE_STANDARD = gnu99;
				GCC_DYNAMIC_NO_PIC = NO;
				GCC_NO_COMMON_BLOCKS = YES;
				GCC_OPTIMIZATION_LEVEL = 0;
				GCC_PREPROCESSOR_DEFINITIONS = (
					"DEBUG=1",
					"$(inherited)",
				);
				GCC_SYMBOLS_PRIVATE_EXTERN = NO;
				GCC_WARN_64_TO_32_BIT_CONVERSION = YES;
				GCC_WARN_ABOUT_RETURN_TYPE = YES_ERROR;
				GCC_WARN_UNDECLARED_SELECTOR = YES;
				GCC_WARN_UNINITIALIZED_AUTOS = YES_AGGRESSIVE;
				GCC_WARN_UNUSED_FUNCTION = YES;
				GCC_WARN_UNUSED_VARIABLE = YES;
				IPHONEOS_DEPLOYMENT_TARGET = 8.4;
				MTL_ENABLE_DEBUG_INFO = YES;
				ONLY_ACTIVE_ARCH = YES;
				SDKROOT = iphoneos;
				SWIFT_OPTIMIZATION_LEVEL = "-Onone";
				TARGETED_DEVICE_FAMILY = "1,2";
			};
			name = Debug;
		};
		F4466C891B4475F700CB21F5 /* Release */ = {
			isa = XCBuildConfiguration;
			buildSettings = {
				ALWAYS_SEARCH_USER_PATHS = NO;
				CLANG_CXX_LANGUAGE_STANDARD = "gnu++0x";
				CLANG_CXX_LIBRARY = "libc++";
				CLANG_ENABLE_MODULES = YES;
				CLANG_ENABLE_OBJC_ARC = YES;
				CLANG_WARN_BOOL_CONVERSION = YES;
				CLANG_WARN_CONSTANT_CONVERSION = YES;
				CLANG_WARN_DIRECT_OBJC_ISA_USAGE = YES_ERROR;
				CLANG_WARN_EMPTY_BODY = YES;
				CLANG_WARN_ENUM_CONVERSION = YES;
				CLANG_WARN_INT_CONVERSION = YES;
				CLANG_WARN_OBJC_ROOT_CLASS = YES_ERROR;
				CLANG_WARN_UNREACHABLE_CODE = YES;
				CLANG_WARN__DUPLICATE_METHOD_MATCH = YES;
				"CODE_SIGN_IDENTITY[sdk=iphoneos*]" = "iPhone Developer";
				COPY_PHASE_STRIP = NO;
				DEBUG_INFORMATION_FORMAT = "dwarf-with-dsym";
				ENABLE_NS_ASSERTIONS = NO;
				ENABLE_STRICT_OBJC_MSGSEND = YES;
				GCC_C_LANGUAGE_STANDARD = gnu99;
				GCC_NO_COMMON_BLOCKS = YES;
				GCC_WARN_64_TO_32_BIT_CONVERSION = YES;
				GCC_WARN_ABOUT_RETURN_TYPE = YES_ERROR;
				GCC_WARN_UNDECLARED_SELECTOR = YES;
				GCC_WARN_UNINITIALIZED_AUTOS = YES_AGGRESSIVE;
				GCC_WARN_UNUSED_FUNCTION = YES;
				GCC_WARN_UNUSED_VARIABLE = YES;
				IPHONEOS_DEPLOYMENT_TARGET = 8.4;
				MTL_ENABLE_DEBUG_INFO = NO;
				SDKROOT = iphoneos;
				TARGETED_DEVICE_FAMILY = "1,2";
				VALIDATE_PRODUCT = YES;
			};
			name = Release;
		};
		F4466C8B1B4475F700CB21F5 /* Debug */ = {
			isa = XCBuildConfiguration;
			buildSettings = {
				ASSETCATALOG_COMPILER_APPICON_NAME = AppIcon;
				CODE_SIGN_IDENTITY = "";
				INFOPLIST_FILE = "Teddy's_Resume/Info.plist";
				IPHONEOS_DEPLOYMENT_TARGET = 8.0;
				LD_RUNPATH_SEARCH_PATHS = "$(inherited) @executable_path/Frameworks";
				PRODUCT_NAME = "$(TARGET_NAME)";
				PROVISIONING_PROFILE = "72497e6d-81fb-46bf-9369-4f2840dc56ad";
			};
			name = Debug;
		};
		F4466C8C1B4475F700CB21F5 /* Release */ = {
			isa = XCBuildConfiguration;
			buildSettings = {
				ASSETCATALOG_COMPILER_APPICON_NAME = AppIcon;
				CODE_SIGN_IDENTITY = "";
				INFOPLIST_FILE = "Teddy's_Resume/Info.plist";
				IPHONEOS_DEPLOYMENT_TARGET = 8.0;
				LD_RUNPATH_SEARCH_PATHS = "$(inherited) @executable_path/Frameworks";
				PRODUCT_NAME = "$(TARGET_NAME)";
				PROVISIONING_PROFILE = "72497e6d-81fb-46bf-9369-4f2840dc56ad";
			};
			name = Release;
		};
		F4466C8E1B4475F700CB21F5 /* Debug */ = {
			isa = XCBuildConfiguration;
			buildSettings = {
				BUNDLE_LOADER = "$(TEST_HOST)";
				FRAMEWORK_SEARCH_PATHS = (
					"$(SDKROOT)/Developer/Library/Frameworks",
					"$(inherited)",
				);
				GCC_PREPROCESSOR_DEFINITIONS = (
					"DEBUG=1",
					"$(inherited)",
				);
				INFOPLIST_FILE = "Teddy's_ResumeTests/Info.plist";
				LD_RUNPATH_SEARCH_PATHS = "$(inherited) @executable_path/Frameworks @loader_path/Frameworks";
				PRODUCT_NAME = "$(TARGET_NAME)";
				TEST_HOST = "$(BUILT_PRODUCTS_DIR)/Teddy's_Resume.app/Teddy's_Resume";
			};
			name = Debug;
		};
		F4466C8F1B4475F700CB21F5 /* Release */ = {
			isa = XCBuildConfiguration;
			buildSettings = {
				BUNDLE_LOADER = "$(TEST_HOST)";
				FRAMEWORK_SEARCH_PATHS = (
					"$(SDKROOT)/Developer/Library/Frameworks",
					"$(inherited)",
				);
				INFOPLIST_FILE = "Teddy's_ResumeTests/Info.plist";
				LD_RUNPATH_SEARCH_PATHS = "$(inherited) @executable_path/Frameworks @loader_path/Frameworks";
				PRODUCT_NAME = "$(TARGET_NAME)";
				TEST_HOST = "$(BUILT_PRODUCTS_DIR)/Teddy's_Resume.app/Teddy's_Resume";
			};
			name = Release;
		};
/* End XCBuildConfiguration section */

/* Begin XCConfigurationList section */
		F4466C661B4475F700CB21F5 /* Build configuration list for PBXProject "Teddy's_Resume" */ = {
			isa = XCConfigurationList;
			buildConfigurations = (
				F4466C881B4475F700CB21F5 /* Debug */,
				F4466C891B4475F700CB21F5 /* Release */,
			);
			defaultConfigurationIsVisible = 0;
			defaultConfigurationName = Release;
		};
		F4466C8A1B4475F700CB21F5 /* Build configuration list for PBXNativeTarget "Teddy's_Resume" */ = {
			isa = XCConfigurationList;
			buildConfigurations = (
				F4466C8B1B4475F700CB21F5 /* Debug */,
				F4466C8C1B4475F700CB21F5 /* Release */,
			);
			defaultConfigurationIsVisible = 0;
			defaultConfigurationName = Release;
		};
		F4466C8D1B4475F700CB21F5 /* Build configuration list for PBXNativeTarget "Teddy's_ResumeTests" */ = {
			isa = XCConfigurationList;
			buildConfigurations = (
				F4466C8E1B4475F700CB21F5 /* Debug */,
				F4466C8F1B4475F700CB21F5 /* Release */,
			);
			defaultConfigurationIsVisible = 0;
			defaultConfigurationName = Release;
		};
/* End XCConfigurationList section */
	};
	rootObject = F4466C631B4475F700CB21F5 /* Project object */;
}
